// !$*UTF8*$!
{
	archiveVersion = 1;
	classes = {
	};
	objectVersion = 55;
	objects = {

/* Begin PBXBuildFile section */
		9F9EDC1C28805B2800391314 /* NeumorphicApp.swift in Sources */ = {isa = PBXBuildFile; fileRef = 9F9EDC1B28805B2800391314 /* NeumorphicApp.swift */; };
		9F9EDC1E28805B2800391314 /* MainView.swift in Sources */ = {isa = PBXBuildFile; fileRef = 9F9EDC1D28805B2800391314 /* MainView.swift */; };
		9F9EDC2028805B2A00391314 /* Assets.xcassets in Resources */ = {isa = PBXBuildFile; fileRef = 9F9EDC1F28805B2A00391314 /* Assets.xcassets */; };
		9F9EDC2328805B2A00391314 /* Preview Assets.xcassets in Resources */ = {isa = PBXBuildFile; fileRef = 9F9EDC2228805B2A00391314 /* Preview Assets.xcassets */; };
		9FFCA3C828F338420006E72E /* NeumorphicButtonStyle.swift in Sources */ = {isa = PBXBuildFile; fileRef = 9FFCA3C728F338420006E72E /* NeumorphicButtonStyle.swift */; };
		9FFCA3CD28F33A300006E72E /* ColorsExtension.swift in Sources */ = {isa = PBXBuildFile; fileRef = 9FFCA3CC28F33A300006E72E /* ColorsExtension.swift */; };
		9FFCA3CF28F33C850006E72E /* ShadowModel.swift in Sources */ = {isa = PBXBuildFile; fileRef = 9FFCA3CE28F33C850006E72E /* ShadowModel.swift */; };
/* End PBXBuildFile section */

/* Begin PBXFileReference section */
		9F9EDC1828805B2800391314 /* Neumorphic.app */ = {isa = PBXFileReference; explicitFileType = wrapper.application; includeInIndex = 0; path = Neumorphic.app; sourceTree = BUILT_PRODUCTS_DIR; };
		9F9EDC1B28805B2800391314 /* NeumorphicApp.swift */ = {isa = PBXFileReference; lastKnownFileType = sourcecode.swift; path = NeumorphicApp.swift; sourceTree = "<group>"; };
		9F9EDC1D28805B2800391314 /* MainView.swift */ = {isa = PBXFileReference; lastKnownFileType = sourcecode.swift; path = MainView.swift; sourceTree = "<group>"; };
		9F9EDC1F28805B2A00391314 /* Assets.xcassets */ = {isa = PBXFileReference; lastKnownFileType = folder.assetcatalog; path = Assets.xcassets; sourceTree = "<group>"; };
		9F9EDC2228805B2A00391314 /* Preview Assets.xcassets */ = {isa = PBXFileReference; lastKnownFileType = folder.assetcatalog; path = "Preview Assets.xcassets"; sourceTree = "<group>"; };
		9FFCA3C728F338420006E72E /* NeumorphicButtonStyle.swift */ = {isa = PBXFileReference; lastKnownFileType = sourcecode.swift; path = NeumorphicButtonStyle.swift; sourceTree = "<group>"; };
		9FFCA3CC28F33A300006E72E /* ColorsExtension.swift */ = {isa = PBXFileReference; lastKnownFileType = sourcecode.swift; path = ColorsExtension.swift; sourceTree = "<group>"; };
		9FFCA3CE28F33C850006E72E /* ShadowModel.swift */ = {isa = PBXFileReference; lastKnownFileType = sourcecode.swift; path = ShadowModel.swift; sourceTree = "<group>"; };
/* End PBXFileReference section */

/* Begin PBXFrameworksBuildPhase section */
		9F9EDC1528805B2800391314 /* Frameworks */ = {
			isa = PBXFrameworksBuildPhase;
			buildActionMask = 2147483647;
			files = (
			);
			runOnlyForDeploymentPostprocessing = 0;
		};
/* End PBXFrameworksBuildPhase section */

/* Begin PBXGroup section */
		9F9EDC0F28805B2800391314 = {
			isa = PBXGroup;
			children = (
				9F9EDC1A28805B2800391314 /* Neumorphic */,
				9F9EDC1928805B2800391314 /* Products */,
			);
			sourceTree = "<group>";
		};
		9F9EDC1928805B2800391314 /* Products */ = {
			isa = PBXGroup;
			children = (
				9F9EDC1828805B2800391314 /* Neumorphic.app */,
			);
			name = Products;
			sourceTree = "<group>";
		};
		9F9EDC1A28805B2800391314 /* Neumorphic */ = {
			isa = PBXGroup;
			children = (
				9F9EDC1D28805B2800391314 /* MainView.swift */,
				9FFCA3C428F337150006E72E /* Controls */,
				9FFCA3CB28F33A0F0006E72E /* Common */,
				9FFCA3C528F337230006E72E /* App */,
				9F9EDC2128805B2A00391314 /* Preview Content */,
			);
			path = Neumorphic;
			sourceTree = "<group>";
		};
		9F9EDC2128805B2A00391314 /* Preview Content */ = {
			isa = PBXGroup;
			children = (
				9F9EDC2228805B2A00391314 /* Preview Assets.xcassets */,
			);
			path = "Preview Content";
			sourceTree = "<group>";
		};
		9FFCA3C428F337150006E72E /* Controls */ = {
			isa = PBXGroup;
			children = (
				9FFCA3C628F3375E0006E72E /* TextButton */,
			);
			path = Controls;
			sourceTree = "<group>";
		};
		9FFCA3C528F337230006E72E /* App */ = {
			isa = PBXGroup;
			children = (
				9F9EDC1B28805B2800391314 /* NeumorphicApp.swift */,
				9F9EDC1F28805B2A00391314 /* Assets.xcassets */,
			);
			path = App;
			sourceTree = "<group>";
		};
		9FFCA3C628F3375E0006E72E /* TextButton */ = {
			isa = PBXGroup;
			children = (
				9FFCA3C728F338420006E72E /* NeumorphicButtonStyle.swift */,
			);
			path = TextButton;
			sourceTree = "<group>";
		};
		9FFCA3CB28F33A0F0006E72E /* Common */ = {
			isa = PBXGroup;
			children = (
				9FFCA3CC28F33A300006E72E /* ColorsExtension.swift */,
				9FFCA3CE28F33C850006E72E /* ShadowModel.swift */,
			);
			path = Common;
			sourceTree = "<group>";
		};
/* End PBXGroup section */

/* Begin PBXNativeTarget section */
		9F9EDC1728805B2800391314 /* Neumorphic */ = {
			isa = PBXNativeTarget;
			buildConfigurationList = 9F9EDC2628805B2A00391314 /* Build configuration list for PBXNativeTarget "Neumorphic" */;
			buildPhases = (
				9F9EDC1428805B2800391314 /* Sources */,
				9F9EDC1528805B2800391314 /* Frameworks */,
				9F9EDC1628805B2800391314 /* Resources */,
			);
			buildRules = (
			);
			dependencies = (
			);
			name = Neumorphic;
			productName = Neumorphic;
			productReference = 9F9EDC1828805B2800391314 /* Neumorphic.app */;
			productType = "com.apple.product-type.application";
		};
/* End PBXNativeTarget section */

/* Begin PBXProject section */
		9F9EDC1028805B2800391314 /* Project object */ = {
			isa = PBXProject;
			attributes = {
				BuildIndependentTargetsInParallel = 1;
				LastSwiftUpdateCheck = 1340;
				LastUpgradeCheck = 1340;
				TargetAttributes = {
					9F9EDC1728805B2800391314 = {
						CreatedOnToolsVersion = 13.4.1;
					};
				};
			};
			buildConfigurationList = 9F9EDC1328805B2800391314 /* Build configuration list for PBXProject "Neumorphic" */;
			compatibilityVersion = "Xcode 13.0";
			developmentRegion = en;
			hasScannedForEncodings = 0;
			knownRegions = (
				en,
				Base,
			);
			mainGroup = 9F9EDC0F28805B2800391314;
			productRefGroup = 9F9EDC1928805B2800391314 /* Products */;
			projectDirPath = "";
			projectRoot = "";
			targets = (
				9F9EDC1728805B2800391314 /* Neumorphic */,
			);
		};
/* End PBXProject section */

/* Begin PBXResourcesBuildPhase section */
		9F9EDC1628805B2800391314 /* Resources */ = {
			isa = PBXResourcesBuildPhase;
			buildActionMask = 2147483647;
			files = (
				9F9EDC2328805B2A00391314 /* Preview Assets.xcassets in Resources */,
				9F9EDC2028805B2A00391314 /* Assets.xcassets in Resources */,
			);
			runOnlyForDeploymentPostprocessing = 0;
		};
/* End PBXResourcesBuildPhase section */

/* Begin PBXSourcesBuildPhase section */
		9F9EDC1428805B2800391314 /* Sources */ = {
			isa = PBXSourcesBuildPhase;
			buildActionMask = 2147483647;
			files = (
				9FFCA3CD28F33A300006E72E /* ColorsExtension.swift in Sources */,
				9FFCA3CF28F33C850006E72E /* ShadowModel.swift in Sources */,
				9F9EDC1E28805B2800391314 /* MainView.swift in Sources */,
				9FFCA3C828F338420006E72E /* NeumorphicButtonStyle.swift in Sources */,
				9F9EDC1C28805B2800391314 /* NeumorphicApp.swift in Sources */,
			);
			runOnlyForDeploymentPostprocessing = 0;
		};
/* End PBXSourcesBuildPhase section */

/* Begin XCBuildConfiguration section */
		9F9EDC2428805B2A00391314 /* Debug */ = {
			isa = XCBuildConfiguration;
			buildSettings = {
				ALWAYS_SEARCH_USER_PATHS = NO;
				CLANG_ANALYZER_NONNULL = YES;
				CLANG_ANALYZER_NUMBER_OBJECT_CONVERSION = YES_AGGRESSIVE;
				CLANG_CXX_LANGUAGE_STANDARD = "gnu++17";
				CLANG_ENABLE_MODULES = YES;
				CLANG_ENABLE_OBJC_ARC = YES;
				CLANG_ENABLE_OBJC_WEAK = YES;
				CLANG_WARN_BLOCK_CAPTURE_AUTORELEASING = YES;
				CLANG_WARN_BOOL_CONVERSION = YES;
				CLANG_WARN_COMMA = YES;
				CLANG_WARN_CONSTANT_CONVERSION = YES;
				CLANG_WARN_DEPRECATED_OBJC_IMPLEMENTATIONS = YES;
				CLANG_WARN_DIRECT_OBJC_ISA_USAGE = YES_ERROR;
				CLANG_WARN_DOCUMENTATION_COMMENTS = YES;
				CLANG_WARN_EMPTY_BODY = YES;
				CLANG_WARN_ENUM_CONVERSION = YES;
				CLANG_WARN_INFINITE_RECURSION = YES;
				CLANG_WARN_INT_CONVERSION = YES;
				CLANG_WARN_NON_LITERAL_NULL_CONVERSION = YES;
				CLANG_WARN_OBJC_IMPLICIT_RETAIN_SELF = YES;
				CLANG_WARN_OBJC_LITERAL_CONVERSION = YES;
				CLANG_WARN_OBJC_ROOT_CLASS = YES_ERROR;
				CLANG_WARN_QUOTED_INCLUDE_IN_FRAMEWORK_HEADER = YES;
				CLANG_WARN_RANGE_LOOP_ANALYSIS = YES;
				CLANG_WARN_STRICT_PROTOTYPES = YES;
				CLANG_WARN_SUSPICIOUS_MOVE = YES;
				CLANG_WARN_UNGUARDED_AVAILABILITY = YES_AGGRESSIVE;
				CLANG_WARN_UNREACHABLE_CODE = YES;
				CLANG_WARN__DUPLICATE_METHOD_MATCH = YES;
				COPY_PHASE_STRIP = NO;
				DEBUG_INFORMATION_FORMAT = dwarf;
				ENABLE_STRICT_OBJC_MSGSEND = YES;
				ENABLE_TESTABILITY = YES;
				GCC_C_LANGUAGE_STANDARD = gnu11;
				GCC_DYNAMIC_NO_PIC = NO;
				GCC_NO_COMMON_BLOCKS = YES;
				GCC_OPTIMIZATION_LEVEL = 0;
				GCC_PREPROCESSOR_DEFINITIONS = (
					"DEBUG=1",
					"$(inherited)",
				);
				GCC_WARN_64_TO_32_BIT_CONVERSION = YES;
				GCC_WARN_ABOUT_RETURN_TYPE = YES_ERROR;
				GCC_WARN_UNDECLARED_SELECTOR = YES;
				GCC_WARN_UNINITIALIZED_AUTOS = YES_AGGRESSIVE;
				GCC_WARN_UNUSED_FUNCTION = YES;
				GCC_WARN_UNUSED_VARIABLE = YES;
				IPHONEOS_DEPLOYMENT_TARGET = 15.5;
				MTL_ENABLE_DEBUG_INFO = INCLUDE_SOURCE;
				MTL_FAST_MATH = YES;
				ONLY_ACTIVE_ARCH = YES;
				SDKROOT = iphoneos;
				SWIFT_ACTIVE_COMPILATION_CONDITIONS = DEBUG;
				SWIFT_OPTIMIZATION_LEVEL = "-Onone";
			};
			name = Debug;
		};
		9F9EDC2528805B2A00391314 /* Release */ = {
			isa = XCBuildConfiguration;
			buildSettings = {
				ALWAYS_SEARCH_USER_PATHS = NO;
				CLANG_ANALYZER_NONNULL = YES;
				CLANG_ANALYZER_NUMBER_OBJECT_CONVERSION = YES_AGGRESSIVE;
				CLANG_CXX_LANGUAGE_STANDARD = "gnu++17";
				CLANG_ENABLE_MODULES = YES;
				CLANG_ENABLE_OBJC_ARC = YES;
				CLANG_ENABLE_OBJC_WEAK = YES;
				CLANG_WARN_BLOCK_CAPTURE_AUTORELEASING = YES;
				CLANG_WARN_BOOL_CONVERSION = YES;
				CLANG_WARN_COMMA = YES;
				CLANG_WARN_CONSTANT_CONVERSION = YES;
				CLANG_WARN_DEPRECATED_OBJC_IMPLEMENTATIONS = YES;
				CLANG_WARN_DIRECT_OBJC_ISA_USAGE = YES_ERROR;
				CLANG_WARN_DOCUMENTATION_COMMENTS = YES;
				CLANG_WARN_EMPTY_BODY = YES;
				CLANG_WARN_ENUM_CONVERSION = YES;
				CLANG_WARN_INFINITE_RECURSION = YES;
				CLANG_WARN_INT_CONVERSION = YES;
				CLANG_WARN_NON_LITERAL_NULL_CONVERSION = YES;
				CLANG_WARN_OBJC_IMPLICIT_RETAIN_SELF = YES;
				CLANG_WARN_OBJC_LITERAL_CONVERSION = YES;
				CLANG_WARN_OBJC_ROOT_CLASS = YES_ERROR;
				CLANG_WARN_QUOTED_INCLUDE_IN_FRAMEWORK_HEADER = YES;
				CLANG_WARN_RANGE_LOOP_ANALYSIS = YES;
				CLANG_WARN_STRICT_PROTOTYPES = YES;
				CLANG_WARN_SUSPICIOUS_MOVE = YES;
				CLANG_WARN_UNGUARDED_AVAILABILITY = YES_AGGRESSIVE;
				CLANG_WARN_UNREACHABLE_CODE = YES;
				CLANG_WARN__DUPLICATE_METHOD_MATCH = YES;
				COPY_PHASE_STRIP = NO;
				DEBUG_INFORMATION_FORMAT = "dwarf-with-dsym";
				ENABLE_NS_ASSERTIONS = NO;
				ENABLE_STRICT_OBJC_MSGSEND = YES;
				GCC_C_LANGUAGE_STANDARD = gnu11;
				GCC_NO_COMMON_BLOCKS = YES;
				GCC_WARN_64_TO_32_BIT_CONVERSION = YES;
				GCC_WARN_ABOUT_RETURN_TYPE = YES_ERROR;
				GCC_WARN_UNDECLARED_SELECTOR = YES;
				GCC_WARN_UNINITIALIZED_AUTOS = YES_AGGRESSIVE;
				GCC_WARN_UNUSED_FUNCTION = YES;
				GCC_WARN_UNUSED_VARIABLE = YES;
				IPHONEOS_DEPLOYMENT_TARGET = 15.5;
				MTL_ENABLE_DEBUG_INFO = NO;
				MTL_FAST_MATH = YES;
				SDKROOT = iphoneos;
				SWIFT_COMPILATION_MODE = wholemodule;
				SWIFT_OPTIMIZATION_LEVEL = "-O";
				VALIDATE_PRODUCT = YES;
			};
			name = Release;
		};
		9F9EDC2728805B2A00391314 /* Debug */ = {
			isa = XCBuildConfiguration;
			buildSettings = {
				ASSETCATALOG_COMPILER_APPICON_NAME = AppIcon;
				ASSETCATALOG_COMPILER_GLOBAL_ACCENT_COLOR_NAME = AccentColor;
				CODE_SIGN_STYLE = Automatic;
				CURRENT_PROJECT_VERSION = 1;
				DEVELOPMENT_ASSET_PATHS = "\"Neumorphic/Preview Content\"";
				DEVELOPMENT_TEAM = Z8X43A4TG9;
				ENABLE_PREVIEWS = YES;
				GENERATE_INFOPLIST_FILE = YES;
				INFOPLIST_KEY_UIApplicationSceneManifest_Generation = YES;
				INFOPLIST_KEY_UIApplicationSupportsIndirectInputEvents = YES;
				INFOPLIST_KEY_UILaunchScreen_Generation = YES;
				INFOPLIST_KEY_UISupportedInterfaceOrientations_iPad = "UIInterfaceOrientationPortrait UIInterfaceOrientationPortraitUpsideDown UIInterfaceOrientationLandscapeLeft UIInterfaceOrientationLandscapeRight";
				INFOPLIST_KEY_UISupportedInterfaceOrientations_iPhone = "UIInterfaceOrientationPortrait UIInterfaceOrientationLandscapeLeft UIInterfaceOrientationLandscapeRight";
				LD_RUNPATH_SEARCH_PATHS = (
					"$(inherited)",
					"@executable_path/Frameworks",
				);
				MARKETING_VERSION = 1.0;
				PRODUCT_BUNDLE_IDENTIFIER = abo.Neumorphic;
				PRODUCT_NAME = "$(TARGET_NAME)";
				SWIFT_EMIT_LOC_STRINGS = YES;
				SWIFT_VERSION = 5.0;
				TARGETED_DEVICE_FAMILY = "1,2";
			};
			name = Debug;
		};
		9F9EDC2828805B2A00391314 /* Release */ = {
			isa = XCBuildConfiguration;
			buildSettings = {
				ASSETCATALOG_COMPILER_APPICON_NAME = AppIcon;
				ASSETCATALOG_COMPILER_GLOBAL_ACCENT_COLOR_NAME = AccentColor;
				CODE_SIGN_STYLE = Automatic;
				CURRENT_PROJECT_VERSION = 1;
				DEVELOPMENT_ASSET_PATHS = "\"Neumorphic/Preview Content\"";
				DEVELOPMENT_TEAM = Z8X43A4TG9;
				ENABLE_PREVIEWS = YES;
				GENERATE_INFOPLIST_FILE = YES;
				INFOPLIST_KEY_UIApplicationSceneManifest_Generation = YES;
				INFOPLIST_KEY_UIApplicationSupportsIndirectInputEvents = YES;
				INFOPLIST_KEY_UILaunchScreen_Generation = YES;
				INFOPLIST_KEY_UISupportedInterfaceOrientations_iPad = "UIInterfaceOrientationPortrait UIInterfaceOrientationPortraitUpsideDown UIInterfaceOrientationLandscapeLeft UIInterfaceOrientationLandscapeRight";
				INFOPLIST_KEY_UISupportedInterfaceOrientations_iPhone = "UIInterfaceOrientationPortrait UIInterfaceOrientationLandscapeLeft UIInterfaceOrientationLandscapeRight";
				LD_RUNPATH_SEARCH_PATHS = (
					"$(inherited)",
					"@executable_path/Frameworks",
				);
				MARKETING_VERSION = 1.0;
				PRODUCT_BUNDLE_IDENTIFIER = abo.Neumorphic;
				PRODUCT_NAME = "$(TARGET_NAME)";
				SWIFT_EMIT_LOC_STRINGS = YES;
				SWIFT_VERSION = 5.0;
				TARGETED_DEVICE_FAMILY = "1,2";
			};
			name = Release;
		};
/* End XCBuildConfiguration section */

/* Begin XCConfigurationList section */
		9F9EDC1328805B2800391314 /* Build configuration list for PBXProject "Neumorphic" */ = {
			isa = XCConfigurationList;
			buildConfigurations = (
				9F9EDC2428805B2A00391314 /* Debug */,
				9F9EDC2528805B2A00391314 /* Release */,
			);
			defaultConfigurationIsVisible = 0;
			defaultConfigurationName = Release;
		};
		9F9EDC2628805B2A00391314 /* Build configuration list for PBXNativeTarget "Neumorphic" */ = {
			isa = XCConfigurationList;
			buildConfigurations = (
				9F9EDC2728805B2A00391314 /* Debug */,
				9F9EDC2828805B2A00391314 /* Release */,
			);
			defaultConfigurationIsVisible = 0;
			defaultConfigurationName = Release;
		};
/* End XCConfigurationList section */
	};
	rootObject = 9F9EDC1028805B2800391314 /* Project object */;
}
