// !$*UTF8*$!
{
	archiveVersion = 1;
	classes = {
	};
	objectVersion = 55;
	objects = {

/* Begin PBXBuildFile section */
		9F32852428B0254D00D0FED7 /* ForecastModel.swift in Sources */ = {isa = PBXBuildFile; fileRef = 9F32852328B0254D00D0FED7 /* ForecastModel.swift */; };
		9F32852A28B41B4F00D0FED7 /* SingleForecastItemView.swift in Sources */ = {isa = PBXBuildFile; fileRef = 9F32852928B41B4F00D0FED7 /* SingleForecastItemView.swift */; };
		9F44414228BD3A9B00CD0321 /* NavigationBarView.swift in Sources */ = {isa = PBXBuildFile; fileRef = 9F44414128BD3A9B00CD0321 /* NavigationBarView.swift */; };
		9F44414428BD44FA00CD0321 /* WeatherView.swift in Sources */ = {isa = PBXBuildFile; fileRef = 9F44414328BD44FA00CD0321 /* WeatherView.swift */; };
		9F76D5A928D5F8330067EA97 /* WeatherWidget.swift in Sources */ = {isa = PBXBuildFile; fileRef = 9F76D5A828D5F8330067EA97 /* WeatherWidget.swift */; };
		9F76D5AB28D5F9270067EA97 /* TrapezoidShape.swift in Sources */ = {isa = PBXBuildFile; fileRef = 9F76D5AA28D5F9270067EA97 /* TrapezoidShape.swift */; };
		9F9B226728AACEE5008A0E3E /* SegmentedControlView.swift in Sources */ = {isa = PBXBuildFile; fileRef = 9F9B226628AACEE5008A0E3E /* SegmentedControlView.swift */; };
		9FC9DA042899478100945849 /* WeatherApp.swift in Sources */ = {isa = PBXBuildFile; fileRef = 9FC9DA032899478100945849 /* WeatherApp.swift */; };
		9FC9DA062899478100945849 /* ContentView.swift in Sources */ = {isa = PBXBuildFile; fileRef = 9FC9DA052899478100945849 /* ContentView.swift */; };
		9FC9DA082899478200945849 /* Assets.xcassets in Resources */ = {isa = PBXBuildFile; fileRef = 9FC9DA072899478200945849 /* Assets.xcassets */; };
		9FC9DA0B2899478200945849 /* Preview Assets.xcassets in Resources */ = {isa = PBXBuildFile; fileRef = 9FC9DA0A2899478200945849 /* Preview Assets.xcassets */; };
		9FC9DA1928995E1D00945849 /* ColorExtensions.swift in Sources */ = {isa = PBXBuildFile; fileRef = 9FC9DA1828995E1D00945849 /* ColorExtensions.swift */; };
		9FC9DA1B28995F7500945849 /* MainView.swift in Sources */ = {isa = PBXBuildFile; fileRef = 9FC9DA1A28995F7500945849 /* MainView.swift */; };
		9FC9DA26289AFFAF00945849 /* TabBarView.swift in Sources */ = {isa = PBXBuildFile; fileRef = 9FC9DA25289AFFAF00945849 /* TabBarView.swift */; };
		9FC9DA28289B151E00945849 /* ArcShape.swift in Sources */ = {isa = PBXBuildFile; fileRef = 9FC9DA27289B151E00945849 /* ArcShape.swift */; };
		9FFA116E289C5C4F00604D14 /* BottomSheet in Frameworks */ = {isa = PBXBuildFile; productRef = 9FFA116D289C5C4F00604D14 /* BottomSheet */; };
		9FFA1171289C5CEE00604D14 /* BottomSheetValues.swift in Sources */ = {isa = PBXBuildFile; fileRef = 9FFA1170289C5CEE00604D14 /* BottomSheetValues.swift */; };
		9FFA1173289C5E8300604D14 /* ForecastView.swift in Sources */ = {isa = PBXBuildFile; fileRef = 9FFA1172289C5E8300604D14 /* ForecastView.swift */; };
		9FFA1178289D938C00604D14 /* CustomBlur.swift in Sources */ = {isa = PBXBuildFile; fileRef = 9FFA1177289D938C00604D14 /* CustomBlur.swift */; };
		9FFA117A289DAE8500604D14 /* ViewExtension.swift in Sources */ = {isa = PBXBuildFile; fileRef = 9FFA1179289DAE8500604D14 /* ViewExtension.swift */; };
/* End PBXBuildFile section */

/* Begin PBXFileReference section */
		9F32852328B0254D00D0FED7 /* ForecastModel.swift */ = {isa = PBXFileReference; lastKnownFileType = sourcecode.swift; path = ForecastModel.swift; sourceTree = "<group>"; };
		9F32852928B41B4F00D0FED7 /* SingleForecastItemView.swift */ = {isa = PBXFileReference; lastKnownFileType = sourcecode.swift; path = SingleForecastItemView.swift; sourceTree = "<group>"; };
		9F44414128BD3A9B00CD0321 /* NavigationBarView.swift */ = {isa = PBXFileReference; lastKnownFileType = sourcecode.swift; path = NavigationBarView.swift; sourceTree = "<group>"; };
		9F44414328BD44FA00CD0321 /* WeatherView.swift */ = {isa = PBXFileReference; lastKnownFileType = sourcecode.swift; path = WeatherView.swift; sourceTree = "<group>"; };
		9F76D5A828D5F8330067EA97 /* WeatherWidget.swift */ = {isa = PBXFileReference; lastKnownFileType = sourcecode.swift; path = WeatherWidget.swift; sourceTree = "<group>"; };
		9F76D5AA28D5F9270067EA97 /* TrapezoidShape.swift */ = {isa = PBXFileReference; lastKnownFileType = sourcecode.swift; path = TrapezoidShape.swift; sourceTree = "<group>"; };
		9F9B226628AACEE5008A0E3E /* SegmentedControlView.swift */ = {isa = PBXFileReference; lastKnownFileType = sourcecode.swift; path = SegmentedControlView.swift; sourceTree = "<group>"; };
		9FC9DA002899478100945849 /* WeatherAPP.app */ = {isa = PBXFileReference; explicitFileType = wrapper.application; includeInIndex = 0; path = WeatherAPP.app; sourceTree = BUILT_PRODUCTS_DIR; };
		9FC9DA032899478100945849 /* WeatherApp.swift */ = {isa = PBXFileReference; lastKnownFileType = sourcecode.swift; path = WeatherApp.swift; sourceTree = "<group>"; };
		9FC9DA052899478100945849 /* ContentView.swift */ = {isa = PBXFileReference; lastKnownFileType = sourcecode.swift; path = ContentView.swift; sourceTree = "<group>"; };
		9FC9DA072899478200945849 /* Assets.xcassets */ = {isa = PBXFileReference; lastKnownFileType = folder.assetcatalog; path = Assets.xcassets; sourceTree = "<group>"; };
		9FC9DA0A2899478200945849 /* Preview Assets.xcassets */ = {isa = PBXFileReference; lastKnownFileType = folder.assetcatalog; path = "Preview Assets.xcassets"; sourceTree = "<group>"; };
		9FC9DA1828995E1D00945849 /* ColorExtensions.swift */ = {isa = PBXFileReference; lastKnownFileType = sourcecode.swift; path = ColorExtensions.swift; sourceTree = "<group>"; };
		9FC9DA1A28995F7500945849 /* MainView.swift */ = {isa = PBXFileReference; lastKnownFileType = sourcecode.swift; path = MainView.swift; sourceTree = "<group>"; };
		9FC9DA25289AFFAF00945849 /* TabBarView.swift */ = {isa = PBXFileReference; lastKnownFileType = sourcecode.swift; path = TabBarView.swift; sourceTree = "<group>"; };
		9FC9DA27289B151E00945849 /* ArcShape.swift */ = {isa = PBXFileReference; lastKnownFileType = sourcecode.swift; path = ArcShape.swift; sourceTree = "<group>"; };
		9FFA1170289C5CEE00604D14 /* BottomSheetValues.swift */ = {isa = PBXFileReference; lastKnownFileType = sourcecode.swift; path = BottomSheetValues.swift; sourceTree = "<group>"; };
		9FFA1172289C5E8300604D14 /* ForecastView.swift */ = {isa = PBXFileReference; lastKnownFileType = sourcecode.swift; path = ForecastView.swift; sourceTree = "<group>"; };
		9FFA1177289D938C00604D14 /* CustomBlur.swift */ = {isa = PBXFileReference; lastKnownFileType = sourcecode.swift; path = CustomBlur.swift; sourceTree = "<group>"; };
		9FFA1179289DAE8500604D14 /* ViewExtension.swift */ = {isa = PBXFileReference; lastKnownFileType = sourcecode.swift; path = ViewExtension.swift; sourceTree = "<group>"; };
/* End PBXFileReference section */

/* Begin PBXFrameworksBuildPhase section */
		9FC9D9FD2899478100945849 /* Frameworks */ = {
			isa = PBXFrameworksBuildPhase;
			buildActionMask = 2147483647;
			files = (
				9FFA116E289C5C4F00604D14 /* BottomSheet in Frameworks */,
			);
			runOnlyForDeploymentPostprocessing = 0;
		};
/* End PBXFrameworksBuildPhase section */

/* Begin PBXGroup section */
		9FC9D9F72899478100945849 = {
			isa = PBXGroup;
			children = (
				9FC9DA022899478100945849 /* WeatherAPP */,
				9FC9DA012899478100945849 /* Products */,
			);
			sourceTree = "<group>";
		};
		9FC9DA012899478100945849 /* Products */ = {
			isa = PBXGroup;
			children = (
				9FC9DA002899478100945849 /* WeatherAPP.app */,
			);
			name = Products;
			sourceTree = "<group>";
		};
		9FC9DA022899478100945849 /* WeatherAPP */ = {
			isa = PBXGroup;
			children = (
				9FC9DA032899478100945849 /* WeatherApp.swift */,
				9FC9DA1128995D2300945849 /* Views */,
				9FFA116F289C5CDC00604D14 /* Data */,
				9FC9DA1228995D3400945849 /* Models */,
				9FC9DA1328995D4300945849 /* Utils */,
				9FC9DA072899478200945849 /* Assets.xcassets */,
				9FC9DA092899478200945849 /* Preview Content */,
			);
			path = WeatherAPP;
			sourceTree = "<group>";
		};
		9FC9DA092899478200945849 /* Preview Content */ = {
			isa = PBXGroup;
			children = (
				9FC9DA0A2899478200945849 /* Preview Assets.xcassets */,
			);
			path = "Preview Content";
			sourceTree = "<group>";
		};
		9FC9DA1128995D2300945849 /* Views */ = {
			isa = PBXGroup;
			children = (
				9FC9DA1428995D5E00945849 /* Main */,
				9FC9DA1528995D7000945849 /* Navigation */,
				9FC9DA1628995D7E00945849 /* Detail */,
				9FC9DA1728995D8700945849 /* Components */,
			);
			path = Views;
			sourceTree = "<group>";
		};
		9FC9DA1228995D3400945849 /* Models */ = {
			isa = PBXGroup;
			children = (
				9F32852328B0254D00D0FED7 /* ForecastModel.swift */,
			);
			path = Models;
			sourceTree = "<group>";
		};
		9FC9DA1328995D4300945849 /* Utils */ = {
			isa = PBXGroup;
			children = (
				9FC9DA27289B151E00945849 /* ArcShape.swift */,
				9FC9DA1828995E1D00945849 /* ColorExtensions.swift */,
				9FFA1179289DAE8500604D14 /* ViewExtension.swift */,
				9F76D5AA28D5F9270067EA97 /* TrapezoidShape.swift */,
				9F9B226628AACEE5008A0E3E /* SegmentedControlView.swift */,
			);
			path = Utils;
			sourceTree = "<group>";
		};
		9FC9DA1428995D5E00945849 /* Main */ = {
			isa = PBXGroup;
			children = (
				9FC9DA052899478100945849 /* ContentView.swift */,
				9FC9DA1A28995F7500945849 /* MainView.swift */,
			);
			path = Main;
			sourceTree = "<group>";
		};
		9FC9DA1528995D7000945849 /* Navigation */ = {
			isa = PBXGroup;
			children = (
				9FC9DA25289AFFAF00945849 /* TabBarView.swift */,
				9F44414128BD3A9B00CD0321 /* NavigationBarView.swift */,
			);
			path = Navigation;
			sourceTree = "<group>";
		};
		9FC9DA1628995D7E00945849 /* Detail */ = {
			isa = PBXGroup;
			children = (
				9FFA1172289C5E8300604D14 /* ForecastView.swift */,
				9F44414328BD44FA00CD0321 /* WeatherView.swift */,
			);
			path = Detail;
			sourceTree = "<group>";
		};
		9FC9DA1728995D8700945849 /* Components */ = {
			isa = PBXGroup;
			children = (
				9FFA1177289D938C00604D14 /* CustomBlur.swift */,
				9F32852928B41B4F00D0FED7 /* SingleForecastItemView.swift */,
				9F76D5A828D5F8330067EA97 /* WeatherWidget.swift */,
			);
			path = Components;
			sourceTree = "<group>";
		};
		9FFA116F289C5CDC00604D14 /* Data */ = {
			isa = PBXGroup;
			children = (
				9FFA1170289C5CEE00604D14 /* BottomSheetValues.swift */,
			);
			path = Data;
			sourceTree = "<group>";
		};
/* End PBXGroup section */

/* Begin PBXNativeTarget section */
		9FC9D9FF2899478100945849 /* WeatherAPP */ = {
			isa = PBXNativeTarget;
			buildConfigurationList = 9FC9DA0E2899478200945849 /* Build configuration list for PBXNativeTarget "WeatherAPP" */;
			buildPhases = (
				9FC9D9FC2899478100945849 /* Sources */,
				9FC9D9FD2899478100945849 /* Frameworks */,
				9FC9D9FE2899478100945849 /* Resources */,
			);
			buildRules = (
			);
			dependencies = (
			);
			name = WeatherAPP;
			packageProductDependencies = (
				9FFA116D289C5C4F00604D14 /* BottomSheet */,
			);
			productName = WeatherAPP;
			productReference = 9FC9DA002899478100945849 /* WeatherAPP.app */;
			productType = "com.apple.product-type.application";
		};
/* End PBXNativeTarget section */

/* Begin PBXProject section */
		9FC9D9F82899478100945849 /* Project object */ = {
			isa = PBXProject;
			attributes = {
				BuildIndependentTargetsInParallel = 1;
				LastSwiftUpdateCheck = 1340;
				LastUpgradeCheck = 1340;
				TargetAttributes = {
					9FC9D9FF2899478100945849 = {
						CreatedOnToolsVersion = 13.4.1;
					};
				};
			};
			buildConfigurationList = 9FC9D9FB2899478100945849 /* Build configuration list for PBXProject "WeatherAPP" */;
			compatibilityVersion = "Xcode 13.0";
			developmentRegion = en;
			hasScannedForEncodings = 0;
			knownRegions = (
				en,
				Base,
			);
			mainGroup = 9FC9D9F72899478100945849;
			packageReferences = (
				9FFA116C289C5C4F00604D14 /* XCRemoteSwiftPackageReference "BottomSheet" */,
			);
			productRefGroup = 9FC9DA012899478100945849 /* Products */;
			projectDirPath = "";
			projectRoot = "";
			targets = (
				9FC9D9FF2899478100945849 /* WeatherAPP */,
			);
		};
/* End PBXProject section */

/* Begin PBXResourcesBuildPhase section */
		9FC9D9FE2899478100945849 /* Resources */ = {
			isa = PBXResourcesBuildPhase;
			buildActionMask = 2147483647;
			files = (
				9FC9DA0B2899478200945849 /* Preview Assets.xcassets in Resources */,
				9FC9DA082899478200945849 /* Assets.xcassets in Resources */,
			);
			runOnlyForDeploymentPostprocessing = 0;
		};
/* End PBXResourcesBuildPhase section */

/* Begin PBXSourcesBuildPhase section */
		9FC9D9FC2899478100945849 /* Sources */ = {
			isa = PBXSourcesBuildPhase;
			buildActionMask = 2147483647;
			files = (
				9F44414428BD44FA00CD0321 /* WeatherView.swift in Sources */,
				9FC9DA062899478100945849 /* ContentView.swift in Sources */,
				9F76D5A928D5F8330067EA97 /* WeatherWidget.swift in Sources */,
				9FC9DA1B28995F7500945849 /* MainView.swift in Sources */,
				9F32852A28B41B4F00D0FED7 /* SingleForecastItemView.swift in Sources */,
				9FC9DA042899478100945849 /* WeatherApp.swift in Sources */,
				9FFA1178289D938C00604D14 /* CustomBlur.swift in Sources */,
				9FFA117A289DAE8500604D14 /* ViewExtension.swift in Sources */,
				9F76D5AB28D5F9270067EA97 /* TrapezoidShape.swift in Sources */,
				9FC9DA26289AFFAF00945849 /* TabBarView.swift in Sources */,
				9FC9DA28289B151E00945849 /* ArcShape.swift in Sources */,
				9F9B226728AACEE5008A0E3E /* SegmentedControlView.swift in Sources */,
				9FFA1171289C5CEE00604D14 /* BottomSheetValues.swift in Sources */,
				9FC9DA1928995E1D00945849 /* ColorExtensions.swift in Sources */,
				9F32852428B0254D00D0FED7 /* ForecastModel.swift in Sources */,
				9F44414228BD3A9B00CD0321 /* NavigationBarView.swift in Sources */,
				9FFA1173289C5E8300604D14 /* ForecastView.swift in Sources */,
			);
			runOnlyForDeploymentPostprocessing = 0;
		};
/* End PBXSourcesBuildPhase section */

/* Begin XCBuildConfiguration section */
		9FC9DA0C2899478200945849 /* Debug */ = {
			isa = XCBuildConfiguration;
			buildSettings = {
				ALWAYS_SEARCH_USER_PATHS = NO;
				CLANG_ANALYZER_NONNULL = YES;
				CLANG_ANALYZER_NUMBER_OBJECT_CONVERSION = YES_AGGRESSIVE;
				CLANG_CXX_LANGUAGE_STANDARD = "gnu++17";
				CLANG_ENABLE_MODULES = YES;
				CLANG_ENABLE_OBJC_ARC = YES;
				CLANG_ENABLE_OBJC_WEAK = YES;
				CLANG_WARN_BLOCK_CAPTURE_AUTORELEASING = YES;
				CLANG_WARN_BOOL_CONVERSION = YES;
				CLANG_WARN_COMMA = YES;
				CLANG_WARN_CONSTANT_CONVERSION = YES;
				CLANG_WARN_DEPRECATED_OBJC_IMPLEMENTATIONS = YES;
				CLANG_WARN_DIRECT_OBJC_ISA_USAGE = YES_ERROR;
				CLANG_WARN_DOCUMENTATION_COMMENTS = YES;
				CLANG_WARN_EMPTY_BODY = YES;
				CLANG_WARN_ENUM_CONVERSION = YES;
				CLANG_WARN_INFINITE_RECURSION = YES;
				CLANG_WARN_INT_CONVERSION = YES;
				CLANG_WARN_NON_LITERAL_NULL_CONVERSION = YES;
				CLANG_WARN_OBJC_IMPLICIT_RETAIN_SELF = YES;
				CLANG_WARN_OBJC_LITERAL_CONVERSION = YES;
				CLANG_WARN_OBJC_ROOT_CLASS = YES_ERROR;
				CLANG_WARN_QUOTED_INCLUDE_IN_FRAMEWORK_HEADER = YES;
				CLANG_WARN_RANGE_LOOP_ANALYSIS = YES;
				CLANG_WARN_STRICT_PROTOTYPES = YES;
				CLANG_WARN_SUSPICIOUS_MOVE = YES;
				CLANG_WARN_UNGUARDED_AVAILABILITY = YES_AGGRESSIVE;
				CLANG_WARN_UNREACHABLE_CODE = YES;
				CLANG_WARN__DUPLICATE_METHOD_MATCH = YES;
				COPY_PHASE_STRIP = NO;
				DEBUG_INFORMATION_FORMAT = dwarf;
				ENABLE_STRICT_OBJC_MSGSEND = YES;
				ENABLE_TESTABILITY = YES;
				GCC_C_LANGUAGE_STANDARD = gnu11;
				GCC_DYNAMIC_NO_PIC = NO;
				GCC_NO_COMMON_BLOCKS = YES;
				GCC_OPTIMIZATION_LEVEL = 0;
				GCC_PREPROCESSOR_DEFINITIONS = (
					"DEBUG=1",
					"$(inherited)",
				);
				GCC_WARN_64_TO_32_BIT_CONVERSION = YES;
				GCC_WARN_ABOUT_RETURN_TYPE = YES_ERROR;
				GCC_WARN_UNDECLARED_SELECTOR = YES;
				GCC_WARN_UNINITIALIZED_AUTOS = YES_AGGRESSIVE;
				GCC_WARN_UNUSED_FUNCTION = YES;
				GCC_WARN_UNUSED_VARIABLE = YES;
				IPHONEOS_DEPLOYMENT_TARGET = 15.5;
				MTL_ENABLE_DEBUG_INFO = INCLUDE_SOURCE;
				MTL_FAST_MATH = YES;
				ONLY_ACTIVE_ARCH = YES;
				SDKROOT = iphoneos;
				SWIFT_ACTIVE_COMPILATION_CONDITIONS = DEBUG;
				SWIFT_OPTIMIZATION_LEVEL = "-Onone";
			};
			name = Debug;
		};
		9FC9DA0D2899478200945849 /* Release */ = {
			isa = XCBuildConfiguration;
			buildSettings = {
				ALWAYS_SEARCH_USER_PATHS = NO;
				CLANG_ANALYZER_NONNULL = YES;
				CLANG_ANALYZER_NUMBER_OBJECT_CONVERSION = YES_AGGRESSIVE;
				CLANG_CXX_LANGUAGE_STANDARD = "gnu++17";
				CLANG_ENABLE_MODULES = YES;
				CLANG_ENABLE_OBJC_ARC = YES;
				CLANG_ENABLE_OBJC_WEAK = YES;
				CLANG_WARN_BLOCK_CAPTURE_AUTORELEASING = YES;
				CLANG_WARN_BOOL_CONVERSION = YES;
				CLANG_WARN_COMMA = YES;
				CLANG_WARN_CONSTANT_CONVERSION = YES;
				CLANG_WARN_DEPRECATED_OBJC_IMPLEMENTATIONS = YES;
				CLANG_WARN_DIRECT_OBJC_ISA_USAGE = YES_ERROR;
				CLANG_WARN_DOCUMENTATION_COMMENTS = YES;
				CLANG_WARN_EMPTY_BODY = YES;
				CLANG_WARN_ENUM_CONVERSION = YES;
				CLANG_WARN_INFINITE_RECURSION = YES;
				CLANG_WARN_INT_CONVERSION = YES;
				CLANG_WARN_NON_LITERAL_NULL_CONVERSION = YES;
				CLANG_WARN_OBJC_IMPLICIT_RETAIN_SELF = YES;
				CLANG_WARN_OBJC_LITERAL_CONVERSION = YES;
				CLANG_WARN_OBJC_ROOT_CLASS = YES_ERROR;
				CLANG_WARN_QUOTED_INCLUDE_IN_FRAMEWORK_HEADER = YES;
				CLANG_WARN_RANGE_LOOP_ANALYSIS = YES;
				CLANG_WARN_STRICT_PROTOTYPES = YES;
				CLANG_WARN_SUSPICIOUS_MOVE = YES;
				CLANG_WARN_UNGUARDED_AVAILABILITY = YES_AGGRESSIVE;
				CLANG_WARN_UNREACHABLE_CODE = YES;
				CLANG_WARN__DUPLICATE_METHOD_MATCH = YES;
				COPY_PHASE_STRIP = NO;
				DEBUG_INFORMATION_FORMAT = "dwarf-with-dsym";
				ENABLE_NS_ASSERTIONS = NO;
				ENABLE_STRICT_OBJC_MSGSEND = YES;
				GCC_C_LANGUAGE_STANDARD = gnu11;
				GCC_NO_COMMON_BLOCKS = YES;
				GCC_WARN_64_TO_32_BIT_CONVERSION = YES;
				GCC_WARN_ABOUT_RETURN_TYPE = YES_ERROR;
				GCC_WARN_UNDECLARED_SELECTOR = YES;
				GCC_WARN_UNINITIALIZED_AUTOS = YES_AGGRESSIVE;
				GCC_WARN_UNUSED_FUNCTION = YES;
				GCC_WARN_UNUSED_VARIABLE = YES;
				IPHONEOS_DEPLOYMENT_TARGET = 15.5;
				MTL_ENABLE_DEBUG_INFO = NO;
				MTL_FAST_MATH = YES;
				SDKROOT = iphoneos;
				SWIFT_COMPILATION_MODE = wholemodule;
				SWIFT_OPTIMIZATION_LEVEL = "-O";
				VALIDATE_PRODUCT = YES;
			};
			name = Release;
		};
		9FC9DA0F2899478200945849 /* Debug */ = {
			isa = XCBuildConfiguration;
			buildSettings = {
				ASSETCATALOG_COMPILER_APPICON_NAME = AppIcon;
				ASSETCATALOG_COMPILER_GLOBAL_ACCENT_COLOR_NAME = AccentColor;
				CODE_SIGN_STYLE = Automatic;
				CURRENT_PROJECT_VERSION = 1;
				DEVELOPMENT_ASSET_PATHS = "\"WeatherAPP/Preview Content\"";
				DEVELOPMENT_TEAM = Z8X43A4TG9;
				ENABLE_PREVIEWS = YES;
				GENERATE_INFOPLIST_FILE = YES;
				INFOPLIST_KEY_UIApplicationSceneManifest_Generation = YES;
				INFOPLIST_KEY_UIApplicationSupportsIndirectInputEvents = YES;
				INFOPLIST_KEY_UILaunchScreen_Generation = YES;
				INFOPLIST_KEY_UISupportedInterfaceOrientations_iPad = "UIInterfaceOrientationPortrait UIInterfaceOrientationPortraitUpsideDown UIInterfaceOrientationLandscapeLeft UIInterfaceOrientationLandscapeRight";
				INFOPLIST_KEY_UISupportedInterfaceOrientations_iPhone = "UIInterfaceOrientationPortrait UIInterfaceOrientationLandscapeLeft UIInterfaceOrientationLandscapeRight";
				LD_RUNPATH_SEARCH_PATHS = (
					"$(inherited)",
					"@executable_path/Frameworks",
				);
				MARKETING_VERSION = 1.0;
				PRODUCT_BUNDLE_IDENTIFIER = abo.WeatherAPP;
				PRODUCT_NAME = "$(TARGET_NAME)";
				SWIFT_EMIT_LOC_STRINGS = YES;
				SWIFT_VERSION = 5.0;
				TARGETED_DEVICE_FAMILY = "1,2";
			};
			name = Debug;
		};
		9FC9DA102899478200945849 /* Release */ = {
			isa = XCBuildConfiguration;
			buildSettings = {
				ASSETCATALOG_COMPILER_APPICON_NAME = AppIcon;
				ASSETCATALOG_COMPILER_GLOBAL_ACCENT_COLOR_NAME = AccentColor;
				CODE_SIGN_STYLE = Automatic;
				CURRENT_PROJECT_VERSION = 1;
				DEVELOPMENT_ASSET_PATHS = "\"WeatherAPP/Preview Content\"";
				DEVELOPMENT_TEAM = Z8X43A4TG9;
				ENABLE_PREVIEWS = YES;
				GENERATE_INFOPLIST_FILE = YES;
				INFOPLIST_KEY_UIApplicationSceneManifest_Generation = YES;
				INFOPLIST_KEY_UIApplicationSupportsIndirectInputEvents = YES;
				INFOPLIST_KEY_UILaunchScreen_Generation = YES;
				INFOPLIST_KEY_UISupportedInterfaceOrientations_iPad = "UIInterfaceOrientationPortrait UIInterfaceOrientationPortraitUpsideDown UIInterfaceOrientationLandscapeLeft UIInterfaceOrientationLandscapeRight";
				INFOPLIST_KEY_UISupportedInterfaceOrientations_iPhone = "UIInterfaceOrientationPortrait UIInterfaceOrientationLandscapeLeft UIInterfaceOrientationLandscapeRight";
				LD_RUNPATH_SEARCH_PATHS = (
					"$(inherited)",
					"@executable_path/Frameworks",
				);
				MARKETING_VERSION = 1.0;
				PRODUCT_BUNDLE_IDENTIFIER = abo.WeatherAPP;
				PRODUCT_NAME = "$(TARGET_NAME)";
				SWIFT_EMIT_LOC_STRINGS = YES;
				SWIFT_VERSION = 5.0;
				TARGETED_DEVICE_FAMILY = "1,2";
			};
			name = Release;
		};
/* End XCBuildConfiguration section */

/* Begin XCConfigurationList section */
		9FC9D9FB2899478100945849 /* Build configuration list for PBXProject "WeatherAPP" */ = {
			isa = XCConfigurationList;
			buildConfigurations = (
				9FC9DA0C2899478200945849 /* Debug */,
				9FC9DA0D2899478200945849 /* Release */,
			);
			defaultConfigurationIsVisible = 0;
			defaultConfigurationName = Release;
		};
		9FC9DA0E2899478200945849 /* Build configuration list for PBXNativeTarget "WeatherAPP" */ = {
			isa = XCConfigurationList;
			buildConfigurations = (
				9FC9DA0F2899478200945849 /* Debug */,
				9FC9DA102899478200945849 /* Release */,
			);
			defaultConfigurationIsVisible = 0;
			defaultConfigurationName = Release;
		};
/* End XCConfigurationList section */

/* Begin XCRemoteSwiftPackageReference section */
		9FFA116C289C5C4F00604D14 /* XCRemoteSwiftPackageReference "BottomSheet" */ = {
			isa = XCRemoteSwiftPackageReference;
			repositoryURL = "https://github.com/Wouter125/BottomSheet";
			requirement = {
				kind = upToNextMajorVersion;
				minimumVersion = 1.0.0;
			};
		};
/* End XCRemoteSwiftPackageReference section */

/* Begin XCSwiftPackageProductDependency section */
		9FFA116D289C5C4F00604D14 /* BottomSheet */ = {
			isa = XCSwiftPackageProductDependency;
			package = 9FFA116C289C5C4F00604D14 /* XCRemoteSwiftPackageReference "BottomSheet" */;
			productName = BottomSheet;
		};
/* End XCSwiftPackageProductDependency section */
	};
	rootObject = 9FC9D9F82899478100945849 /* Project object */;
}
